
Microsoft Visual Studio Solution File, Format Version 12.00
# Visual Studio 15
VisualStudioVersion = 15.0.28010.2050
MinimumVisualStudioVersion = 10.0.40219.1
Project("{FAE04EC0-301F-11D3-BF4B-00C04F79EFBC}") = "WordOccuranceCalculator", "WordCalculator\WordOccuranceCalculator.csproj", "{CF3971EA-C16E-4299-9500-9FAEC38A9DAE}"
EndProject
Global
	GlobalSection(SolutionConfigurationPlatforms) = preSolution
		Debug|Any CPU = Debug|Any CPU
		Release|Any CPU = Release|Any CPU
	EndGlobalSection
	GlobalSection(ProjectConfigurationPlatforms) = postSolution
		{CF3971EA-C16E-4299-9500-9FAEC38A9DAE}.Debug|Any CPU.ActiveCfg = Debug|Any CPU
		{CF3971EA-C16E-4299-9500-9FAEC38A9DAE}.Debug|Any CPU.Build.0 = Debug|Any CPU
		{CF3971EA-C16E-4299-9500-9FAEC38A9DAE}.Release|Any CPU.ActiveCfg = Release|Any CPU
		{CF3971EA-C16E-4299-9500-9FAEC38A9DAE}.Release|Any CPU.Build.0 = Release|Any CPU
	EndGlobalSection
	GlobalSection(SolutionProperties) = preSolution
		HideSolutionNode = FALSE
	EndGlobalSection
	GlobalSection(ExtensibilityGlobals) = postSolution
		SolutionGuid = {EB5A03B7-22BD-4297-A76C-A8EC4AC85A66}
	EndGlobalSection
EndGlobal
